# This file is automatically @generated by Cargo.
# It is not intended for manual editing.
[[package]]
name = "assert-impl"
version = "0.1.3"
source = "registry+https://github.com/rust-lang/crates.io-index"
checksum = "c3464313de0c867016e3e69d7e1e9ae3499bcc4c18e12283d381359ed38b5b9e"

[[package]]
name = "assert-panic"
version = "0.0.0"

[[package]]
name = "ref-portals"
version = "0.0.0"
dependencies = [
 "assert-impl",
 "wyz",
]

[[package]]
name = "wyz"
version = "0.2.0"
source = "registry+https://github.com/rust-lang/crates.io-index"
checksum = "85e60b0d1b5f99db2556934e21937020776a5d31520bf169e851ac44e6420214"
